
Microsoft Visual Studio Solution File, Format Version 12.00
# Visual Studio Version 17
VisualStudioVersion = 17.5.33414.496
MinimumVisualStudioVersion = 10.0.40219.1
Project("{FAE04EC0-301F-11D3-BF4B-00C04F79EFBC}") = "SEDC.Methods", "SEDC.Methods\SEDC.Methods.csproj", "{F60943C7-1C63-4F74-A9EE-CF47768AA440}"
EndProject
Project("{FAE04EC0-301F-11D3-BF4B-00C04F79EFBC}") = "SEDC.StringsAndStringMethods", "SEDC.StringsAndStringMethods\SEDC.StringsAndStringMethods.csproj", "{26B2AB00-34C1-4F62-B982-B3AC17157A23}"
EndProject
Project("{FAE04EC0-301F-11D3-BF4B-00C04F79EFBC}") = "SEDC.DateTime", "SEDC.DateTime\SEDC.DateTime.csproj", "{42E52509-EA5D-4645-9C89-B431D787EA12}"
EndProject
Global
	GlobalSection(SolutionConfigurationPlatforms) = preSolution
		Debug|Any CPU = Debug|Any CPU
		Release|Any CPU = Release|Any CPU
	EndGlobalSection
	GlobalSection(ProjectConfigurationPlatforms) = postSolution
		{F60943C7-1C63-4F74-A9EE-CF47768AA440}.Debug|Any CPU.ActiveCfg = Debug|Any CPU
		{F60943C7-1C63-4F74-A9EE-CF47768AA440}.Debug|Any CPU.Build.0 = Debug|Any CPU
		{F60943C7-1C63-4F74-A9EE-CF47768AA440}.Release|Any CPU.ActiveCfg = Release|Any CPU
		{F60943C7-1C63-4F74-A9EE-CF47768AA440}.Release|Any CPU.Build.0 = Release|Any CPU
		{26B2AB00-34C1-4F62-B982-B3AC17157A23}.Debug|Any CPU.ActiveCfg = Debug|Any CPU
		{26B2AB00-34C1-4F62-B982-B3AC17157A23}.Debug|Any CPU.Build.0 = Debug|Any CPU
		{26B2AB00-34C1-4F62-B982-B3AC17157A23}.Release|Any CPU.ActiveCfg = Release|Any CPU
		{26B2AB00-34C1-4F62-B982-B3AC17157A23}.Release|Any CPU.Build.0 = Release|Any CPU
		{42E52509-EA5D-4645-9C89-B431D787EA12}.Debug|Any CPU.ActiveCfg = Debug|Any CPU
		{42E52509-EA5D-4645-9C89-B431D787EA12}.Debug|Any CPU.Build.0 = Debug|Any CPU
		{42E52509-EA5D-4645-9C89-B431D787EA12}.Release|Any CPU.ActiveCfg = Release|Any CPU
		{42E52509-EA5D-4645-9C89-B431D787EA12}.Release|Any CPU.Build.0 = Release|Any CPU
	EndGlobalSection
	GlobalSection(SolutionProperties) = preSolution
		HideSolutionNode = FALSE
	EndGlobalSection
	GlobalSection(ExtensibilityGlobals) = postSolution
		SolutionGuid = {AB05EC6D-E54A-453E-B99C-39F5AAC593E8}
	EndGlobalSection
EndGlobal
