
Microsoft Visual Studio Solution File, Format Version 12.00
# Visual Studio Version 17
VisualStudioVersion = 17.5.33414.496
MinimumVisualStudioVersion = 10.0.40219.1
Project("{FAE04EC0-301F-11D3-BF4B-00C04F79EFBC}") = "Class03_Exercise02", "Class03_Exercise02\Class03_Exercise02.csproj", "{B5CDA64F-23DA-4A55-ADBF-BDA1359785BB}"
EndProject
Global
	GlobalSection(SolutionConfigurationPlatforms) = preSolution
		Debug|Any CPU = Debug|Any CPU
		Release|Any CPU = Release|Any CPU
	EndGlobalSection
	GlobalSection(ProjectConfigurationPlatforms) = postSolution
		{B5CDA64F-23DA-4A55-ADBF-BDA1359785BB}.Debug|Any CPU.ActiveCfg = Debug|Any CPU
		{B5CDA64F-23DA-4A55-ADBF-BDA1359785BB}.Debug|Any CPU.Build.0 = Debug|Any CPU
		{B5CDA64F-23DA-4A55-ADBF-BDA1359785BB}.Release|Any CPU.ActiveCfg = Release|Any CPU
		{B5CDA64F-23DA-4A55-ADBF-BDA1359785BB}.Release|Any CPU.Build.0 = Release|Any CPU
	EndGlobalSection
	GlobalSection(SolutionProperties) = preSolution
		HideSolutionNode = FALSE
	EndGlobalSection
	GlobalSection(ExtensibilityGlobals) = postSolution
		SolutionGuid = {2134429C-EEAE-4D31-A9F2-824E92694AFE}
	EndGlobalSection
EndGlobal
