
Microsoft Visual Studio Solution File, Format Version 12.00
# Visual Studio Version 17
VisualStudioVersion = 17.5.33414.496
MinimumVisualStudioVersion = 10.0.40219.1
Project("{FAE04EC0-301F-11D3-BF4B-00C04F79EFBC}") = "Class08_Exercise01", "Class08_Exercise01\Class08_Exercise01.csproj", "{055F32E5-C3AB-4889-9DAC-B397F5D92E34}"
EndProject
Global
	GlobalSection(SolutionConfigurationPlatforms) = preSolution
		Debug|Any CPU = Debug|Any CPU
		Release|Any CPU = Release|Any CPU
	EndGlobalSection
	GlobalSection(ProjectConfigurationPlatforms) = postSolution
		{055F32E5-C3AB-4889-9DAC-B397F5D92E34}.Debug|Any CPU.ActiveCfg = Debug|Any CPU
		{055F32E5-C3AB-4889-9DAC-B397F5D92E34}.Debug|Any CPU.Build.0 = Debug|Any CPU
		{055F32E5-C3AB-4889-9DAC-B397F5D92E34}.Release|Any CPU.ActiveCfg = Release|Any CPU
		{055F32E5-C3AB-4889-9DAC-B397F5D92E34}.Release|Any CPU.Build.0 = Release|Any CPU
	EndGlobalSection
	GlobalSection(SolutionProperties) = preSolution
		HideSolutionNode = FALSE
	EndGlobalSection
	GlobalSection(ExtensibilityGlobals) = postSolution
		SolutionGuid = {94D77769-9B53-409B-AA13-B988009F9ACE}
	EndGlobalSection
EndGlobal
