
Microsoft Visual Studio Solution File, Format Version 12.00
# Visual Studio Version 17
VisualStudioVersion = 17.5.33414.496
MinimumVisualStudioVersion = 10.0.40219.1
Project("{FAE04EC0-301F-11D3-BF4B-00C04F79EFBC}") = "Exercise01", "Exercise01\Exercise01.csproj", "{34DA7EBF-AD1B-4C8E-89FA-9FE996C92393}"
EndProject
Project("{FAE04EC0-301F-11D3-BF4B-00C04F79EFBC}") = "Exercise02", "Exercise02\Exercise02.csproj", "{2E6A1855-46FD-4D6B-9D1D-D5B7ED59FF52}"
EndProject
Global
	GlobalSection(SolutionConfigurationPlatforms) = preSolution
		Debug|Any CPU = Debug|Any CPU
		Release|Any CPU = Release|Any CPU
	EndGlobalSection
	GlobalSection(ProjectConfigurationPlatforms) = postSolution
		{34DA7EBF-AD1B-4C8E-89FA-9FE996C92393}.Debug|Any CPU.ActiveCfg = Debug|Any CPU
		{34DA7EBF-AD1B-4C8E-89FA-9FE996C92393}.Debug|Any CPU.Build.0 = Debug|Any CPU
		{34DA7EBF-AD1B-4C8E-89FA-9FE996C92393}.Release|Any CPU.ActiveCfg = Release|Any CPU
		{34DA7EBF-AD1B-4C8E-89FA-9FE996C92393}.Release|Any CPU.Build.0 = Release|Any CPU
		{2E6A1855-46FD-4D6B-9D1D-D5B7ED59FF52}.Debug|Any CPU.ActiveCfg = Debug|Any CPU
		{2E6A1855-46FD-4D6B-9D1D-D5B7ED59FF52}.Debug|Any CPU.Build.0 = Debug|Any CPU
		{2E6A1855-46FD-4D6B-9D1D-D5B7ED59FF52}.Release|Any CPU.ActiveCfg = Release|Any CPU
		{2E6A1855-46FD-4D6B-9D1D-D5B7ED59FF52}.Release|Any CPU.Build.0 = Release|Any CPU
	EndGlobalSection
	GlobalSection(SolutionProperties) = preSolution
		HideSolutionNode = FALSE
	EndGlobalSection
	GlobalSection(ExtensibilityGlobals) = postSolution
		SolutionGuid = {A4E517C5-71CB-4525-B473-53C179780486}
	EndGlobalSection
EndGlobal
