
Microsoft Visual Studio Solution File, Format Version 12.00
# Visual Studio Version 17
VisualStudioVersion = 17.5.33414.496
MinimumVisualStudioVersion = 10.0.40219.1
Project("{FAE04EC0-301F-11D3-BF4B-00C04F79EFBC}") = "SEDC.Exercises_1", "SEDC.Exercises\SEDC.Exercises_1.csproj", "{0803D415-D010-4742-93B9-0ECF07516E06}"
EndProject
Project("{FAE04EC0-301F-11D3-BF4B-00C04F79EFBC}") = "SEDC.Exercises_2", "SEDC.Exercises_2\SEDC.Exercises_2.csproj", "{581E74CB-1977-4C0F-884B-D31CA94AD79A}"
EndProject
Project("{FAE04EC0-301F-11D3-BF4B-00C04F79EFBC}") = "SEDC.Exercises_3", "SEDC.Exercises_3\SEDC.Exercises_3.csproj", "{13698989-CC2C-4674-ACAE-E9C6D690151F}"
EndProject
Project("{FAE04EC0-301F-11D3-BF4B-00C04F79EFBC}") = "SEDC.Exercises_4", "SEDC.Exercises_4\SEDC.Exercises_4.csproj", "{F683896D-6B26-41F5-AFE2-987C175DBA1B}"
EndProject
Project("{FAE04EC0-301F-11D3-BF4B-00C04F79EFBC}") = "SEDC.Exercises_5", "SEDC.Exercises_5\SEDC.Exercises_5.csproj", "{1BA24EDD-1E83-4784-8607-6E2209EAA12E}"
EndProject
Project("{FAE04EC0-301F-11D3-BF4B-00C04F79EFBC}") = "SEDC.Exercises_6", "SEDC.Exercises_6\SEDC.Exercises_6.csproj", "{FBB1B1D3-C025-452B-924C-C0CF75C9D1E2}"
EndProject
Global
	GlobalSection(SolutionConfigurationPlatforms) = preSolution
		Debug|Any CPU = Debug|Any CPU
		Release|Any CPU = Release|Any CPU
	EndGlobalSection
	GlobalSection(ProjectConfigurationPlatforms) = postSolution
		{0803D415-D010-4742-93B9-0ECF07516E06}.Debug|Any CPU.ActiveCfg = Debug|Any CPU
		{0803D415-D010-4742-93B9-0ECF07516E06}.Debug|Any CPU.Build.0 = Debug|Any CPU
		{0803D415-D010-4742-93B9-0ECF07516E06}.Release|Any CPU.ActiveCfg = Release|Any CPU
		{0803D415-D010-4742-93B9-0ECF07516E06}.Release|Any CPU.Build.0 = Release|Any CPU
		{581E74CB-1977-4C0F-884B-D31CA94AD79A}.Debug|Any CPU.ActiveCfg = Debug|Any CPU
		{581E74CB-1977-4C0F-884B-D31CA94AD79A}.Debug|Any CPU.Build.0 = Debug|Any CPU
		{581E74CB-1977-4C0F-884B-D31CA94AD79A}.Release|Any CPU.ActiveCfg = Release|Any CPU
		{581E74CB-1977-4C0F-884B-D31CA94AD79A}.Release|Any CPU.Build.0 = Release|Any CPU
		{13698989-CC2C-4674-ACAE-E9C6D690151F}.Debug|Any CPU.ActiveCfg = Debug|Any CPU
		{13698989-CC2C-4674-ACAE-E9C6D690151F}.Debug|Any CPU.Build.0 = Debug|Any CPU
		{13698989-CC2C-4674-ACAE-E9C6D690151F}.Release|Any CPU.ActiveCfg = Release|Any CPU
		{13698989-CC2C-4674-ACAE-E9C6D690151F}.Release|Any CPU.Build.0 = Release|Any CPU
		{F683896D-6B26-41F5-AFE2-987C175DBA1B}.Debug|Any CPU.ActiveCfg = Debug|Any CPU
		{F683896D-6B26-41F5-AFE2-987C175DBA1B}.Debug|Any CPU.Build.0 = Debug|Any CPU
		{F683896D-6B26-41F5-AFE2-987C175DBA1B}.Release|Any CPU.ActiveCfg = Release|Any CPU
		{F683896D-6B26-41F5-AFE2-987C175DBA1B}.Release|Any CPU.Build.0 = Release|Any CPU
		{1BA24EDD-1E83-4784-8607-6E2209EAA12E}.Debug|Any CPU.ActiveCfg = Debug|Any CPU
		{1BA24EDD-1E83-4784-8607-6E2209EAA12E}.Debug|Any CPU.Build.0 = Debug|Any CPU
		{1BA24EDD-1E83-4784-8607-6E2209EAA12E}.Release|Any CPU.ActiveCfg = Release|Any CPU
		{1BA24EDD-1E83-4784-8607-6E2209EAA12E}.Release|Any CPU.Build.0 = Release|Any CPU
		{FBB1B1D3-C025-452B-924C-C0CF75C9D1E2}.Debug|Any CPU.ActiveCfg = Debug|Any CPU
		{FBB1B1D3-C025-452B-924C-C0CF75C9D1E2}.Debug|Any CPU.Build.0 = Debug|Any CPU
		{FBB1B1D3-C025-452B-924C-C0CF75C9D1E2}.Release|Any CPU.ActiveCfg = Release|Any CPU
		{FBB1B1D3-C025-452B-924C-C0CF75C9D1E2}.Release|Any CPU.Build.0 = Release|Any CPU
	EndGlobalSection
	GlobalSection(SolutionProperties) = preSolution
		HideSolutionNode = FALSE
	EndGlobalSection
	GlobalSection(ExtensibilityGlobals) = postSolution
		SolutionGuid = {58A07ABF-A648-4DEE-A724-DD49D69D15DA}
	EndGlobalSection
EndGlobal
