
Microsoft Visual Studio Solution File, Format Version 12.00
# Visual Studio Version 17
VisualStudioVersion = 17.5.33414.496
MinimumVisualStudioVersion = 10.0.40219.1
Project("{FAE04EC0-301F-11D3-BF4B-00C04F79EFBC}") = "SEDC.Inheritance", "SEDC.Inheritance\SEDC.Inheritance.csproj", "{78D492D1-ABEF-4972-9514-5A4A9F98ADD6}"
EndProject
Project("{FAE04EC0-301F-11D3-BF4B-00C04F79EFBC}") = "SEDC.Enums", "SEDC.Enums\SEDC.Enums.csproj", "{3BA7F7DF-0FF1-4E2B-893E-61C94F78BB5B}"
EndProject
Global
	GlobalSection(SolutionConfigurationPlatforms) = preSolution
		Debug|Any CPU = Debug|Any CPU
		Release|Any CPU = Release|Any CPU
	EndGlobalSection
	GlobalSection(ProjectConfigurationPlatforms) = postSolution
		{78D492D1-ABEF-4972-9514-5A4A9F98ADD6}.Debug|Any CPU.ActiveCfg = Debug|Any CPU
		{78D492D1-ABEF-4972-9514-5A4A9F98ADD6}.Debug|Any CPU.Build.0 = Debug|Any CPU
		{78D492D1-ABEF-4972-9514-5A4A9F98ADD6}.Release|Any CPU.ActiveCfg = Release|Any CPU
		{78D492D1-ABEF-4972-9514-5A4A9F98ADD6}.Release|Any CPU.Build.0 = Release|Any CPU
		{3BA7F7DF-0FF1-4E2B-893E-61C94F78BB5B}.Debug|Any CPU.ActiveCfg = Debug|Any CPU
		{3BA7F7DF-0FF1-4E2B-893E-61C94F78BB5B}.Debug|Any CPU.Build.0 = Debug|Any CPU
		{3BA7F7DF-0FF1-4E2B-893E-61C94F78BB5B}.Release|Any CPU.ActiveCfg = Release|Any CPU
		{3BA7F7DF-0FF1-4E2B-893E-61C94F78BB5B}.Release|Any CPU.Build.0 = Release|Any CPU
	EndGlobalSection
	GlobalSection(SolutionProperties) = preSolution
		HideSolutionNode = FALSE
	EndGlobalSection
	GlobalSection(ExtensibilityGlobals) = postSolution
		SolutionGuid = {3EEAE9D7-7C71-4828-9926-210CD4FC5025}
	EndGlobalSection
EndGlobal
