
Microsoft Visual Studio Solution File, Format Version 12.00
# Visual Studio Version 17
VisualStudioVersion = 17.5.33414.496
MinimumVisualStudioVersion = 10.0.40219.1
Project("{FAE04EC0-301F-11D3-BF4B-00C04F79EFBC}") = "Class08_Exercise02", "Class08_Exercise02\Class08_Exercise02.csproj", "{F5B7AEE0-2CB3-4CDA-B1AF-893AD9982C52}"
EndProject
Project("{FAE04EC0-301F-11D3-BF4B-00C04F79EFBC}") = "Models", "Models\Models.csproj", "{8E1E34ED-8711-4EE2-88EA-5C7C46E13B29}"
EndProject
Global
	GlobalSection(SolutionConfigurationPlatforms) = preSolution
		Debug|Any CPU = Debug|Any CPU
		Release|Any CPU = Release|Any CPU
	EndGlobalSection
	GlobalSection(ProjectConfigurationPlatforms) = postSolution
		{F5B7AEE0-2CB3-4CDA-B1AF-893AD9982C52}.Debug|Any CPU.ActiveCfg = Debug|Any CPU
		{F5B7AEE0-2CB3-4CDA-B1AF-893AD9982C52}.Debug|Any CPU.Build.0 = Debug|Any CPU
		{F5B7AEE0-2CB3-4CDA-B1AF-893AD9982C52}.Release|Any CPU.ActiveCfg = Release|Any CPU
		{F5B7AEE0-2CB3-4CDA-B1AF-893AD9982C52}.Release|Any CPU.Build.0 = Release|Any CPU
		{8E1E34ED-8711-4EE2-88EA-5C7C46E13B29}.Debug|Any CPU.ActiveCfg = Debug|Any CPU
		{8E1E34ED-8711-4EE2-88EA-5C7C46E13B29}.Debug|Any CPU.Build.0 = Debug|Any CPU
		{8E1E34ED-8711-4EE2-88EA-5C7C46E13B29}.Release|Any CPU.ActiveCfg = Release|Any CPU
		{8E1E34ED-8711-4EE2-88EA-5C7C46E13B29}.Release|Any CPU.Build.0 = Release|Any CPU
	EndGlobalSection
	GlobalSection(SolutionProperties) = preSolution
		HideSolutionNode = FALSE
	EndGlobalSection
	GlobalSection(ExtensibilityGlobals) = postSolution
		SolutionGuid = {5D877724-D060-40BA-B70B-4BDFF514F3F0}
	EndGlobalSection
EndGlobal
