
Microsoft Visual Studio Solution File, Format Version 12.00
# Visual Studio Version 17
VisualStudioVersion = 17.1.32328.378
MinimumVisualStudioVersion = 10.0.40219.1
Project("{FAE04EC0-301F-11D3-BF4B-00C04F79EFBC}") = "Collections", "Collections\Collections.csproj", "{951A4B16-21F7-4638-AD69-9705B6B8B3C1}"
EndProject
Project("{FAE04EC0-301F-11D3-BF4B-00C04F79EFBC}") = "Exercise1", "Exercise1\Exercise1.csproj", "{38782210-532E-413D-BFA3-4B50EA6FEFD3}"
EndProject
Project("{FAE04EC0-301F-11D3-BF4B-00C04F79EFBC}") = "Exercise2", "Exercise2\Exercise2.csproj", "{093BE405-77C9-4AF8-A780-50D95BBFC312}"
EndProject
Global
	GlobalSection(SolutionConfigurationPlatforms) = preSolution
		Debug|Any CPU = Debug|Any CPU
		Release|Any CPU = Release|Any CPU
	EndGlobalSection
	GlobalSection(ProjectConfigurationPlatforms) = postSolution
		{951A4B16-21F7-4638-AD69-9705B6B8B3C1}.Debug|Any CPU.ActiveCfg = Debug|Any CPU
		{951A4B16-21F7-4638-AD69-9705B6B8B3C1}.Debug|Any CPU.Build.0 = Debug|Any CPU
		{951A4B16-21F7-4638-AD69-9705B6B8B3C1}.Release|Any CPU.ActiveCfg = Release|Any CPU
		{951A4B16-21F7-4638-AD69-9705B6B8B3C1}.Release|Any CPU.Build.0 = Release|Any CPU
		{38782210-532E-413D-BFA3-4B50EA6FEFD3}.Debug|Any CPU.ActiveCfg = Debug|Any CPU
		{38782210-532E-413D-BFA3-4B50EA6FEFD3}.Debug|Any CPU.Build.0 = Debug|Any CPU
		{38782210-532E-413D-BFA3-4B50EA6FEFD3}.Release|Any CPU.ActiveCfg = Release|Any CPU
		{38782210-532E-413D-BFA3-4B50EA6FEFD3}.Release|Any CPU.Build.0 = Release|Any CPU
		{093BE405-77C9-4AF8-A780-50D95BBFC312}.Debug|Any CPU.ActiveCfg = Debug|Any CPU
		{093BE405-77C9-4AF8-A780-50D95BBFC312}.Debug|Any CPU.Build.0 = Debug|Any CPU
		{093BE405-77C9-4AF8-A780-50D95BBFC312}.Release|Any CPU.ActiveCfg = Release|Any CPU
		{093BE405-77C9-4AF8-A780-50D95BBFC312}.Release|Any CPU.Build.0 = Release|Any CPU
	EndGlobalSection
	GlobalSection(SolutionProperties) = preSolution
		HideSolutionNode = FALSE
	EndGlobalSection
	GlobalSection(ExtensibilityGlobals) = postSolution
		SolutionGuid = {1BA594D7-40F2-4B42-8D10-830D8F2673EB}
	EndGlobalSection
EndGlobal
