
Microsoft Visual Studio Solution File, Format Version 12.00
# Visual Studio Version 17
VisualStudioVersion = 17.5.33414.496
MinimumVisualStudioVersion = 10.0.40219.1
Project("{FAE04EC0-301F-11D3-BF4B-00C04F79EFBC}") = "Class04_Exercise01", "Class04_Exercise01\Class04_Exercise01.csproj", "{F535B17E-96AD-44BA-9B83-3952AE5C4BA8}"
EndProject
Global
	GlobalSection(SolutionConfigurationPlatforms) = preSolution
		Debug|Any CPU = Debug|Any CPU
		Release|Any CPU = Release|Any CPU
	EndGlobalSection
	GlobalSection(ProjectConfigurationPlatforms) = postSolution
		{F535B17E-96AD-44BA-9B83-3952AE5C4BA8}.Debug|Any CPU.ActiveCfg = Debug|Any CPU
		{F535B17E-96AD-44BA-9B83-3952AE5C4BA8}.Debug|Any CPU.Build.0 = Debug|Any CPU
		{F535B17E-96AD-44BA-9B83-3952AE5C4BA8}.Release|Any CPU.ActiveCfg = Release|Any CPU
		{F535B17E-96AD-44BA-9B83-3952AE5C4BA8}.Release|Any CPU.Build.0 = Release|Any CPU
	EndGlobalSection
	GlobalSection(SolutionProperties) = preSolution
		HideSolutionNode = FALSE
	EndGlobalSection
	GlobalSection(ExtensibilityGlobals) = postSolution
		SolutionGuid = {C0F3B2C4-6252-440C-B9B3-F345B830E5C5}
	EndGlobalSection
EndGlobal
