
Microsoft Visual Studio Solution File, Format Version 12.00
# Visual Studio Version 17
VisualStudioVersion = 17.5.33414.496
MinimumVisualStudioVersion = 10.0.40219.1
Project("{FAE04EC0-301F-11D3-BF4B-00C04F79EFBC}") = "Class03_Demo02", "Class03_Demo02\Class03_Demo02.csproj", "{4749C450-9FF5-4DF5-9D2F-712170DF9C6E}"
EndProject
Global
	GlobalSection(SolutionConfigurationPlatforms) = preSolution
		Debug|Any CPU = Debug|Any CPU
		Release|Any CPU = Release|Any CPU
	EndGlobalSection
	GlobalSection(ProjectConfigurationPlatforms) = postSolution
		{4749C450-9FF5-4DF5-9D2F-712170DF9C6E}.Debug|Any CPU.ActiveCfg = Debug|Any CPU
		{4749C450-9FF5-4DF5-9D2F-712170DF9C6E}.Debug|Any CPU.Build.0 = Debug|Any CPU
		{4749C450-9FF5-4DF5-9D2F-712170DF9C6E}.Release|Any CPU.ActiveCfg = Release|Any CPU
		{4749C450-9FF5-4DF5-9D2F-712170DF9C6E}.Release|Any CPU.Build.0 = Release|Any CPU
	EndGlobalSection
	GlobalSection(SolutionProperties) = preSolution
		HideSolutionNode = FALSE
	EndGlobalSection
	GlobalSection(ExtensibilityGlobals) = postSolution
		SolutionGuid = {58D11847-F844-4DB0-AA62-ED9B36936AF7}
	EndGlobalSection
EndGlobal
