
Microsoft Visual Studio Solution File, Format Version 12.00
# Visual Studio Version 17
VisualStudioVersion = 17.5.33414.496
MinimumVisualStudioVersion = 10.0.40219.1
Project("{FAE04EC0-301F-11D3-BF4B-00C04F79EFBC}") = "Class05_Exercise02", "Class05_Exercise02\Class05_Exercise02.csproj", "{81E2DC27-B7A5-4C72-B721-391945668B2F}"
EndProject
Global
	GlobalSection(SolutionConfigurationPlatforms) = preSolution
		Debug|Any CPU = Debug|Any CPU
		Release|Any CPU = Release|Any CPU
	EndGlobalSection
	GlobalSection(ProjectConfigurationPlatforms) = postSolution
		{81E2DC27-B7A5-4C72-B721-391945668B2F}.Debug|Any CPU.ActiveCfg = Debug|Any CPU
		{81E2DC27-B7A5-4C72-B721-391945668B2F}.Debug|Any CPU.Build.0 = Debug|Any CPU
		{81E2DC27-B7A5-4C72-B721-391945668B2F}.Release|Any CPU.ActiveCfg = Release|Any CPU
		{81E2DC27-B7A5-4C72-B721-391945668B2F}.Release|Any CPU.Build.0 = Release|Any CPU
	EndGlobalSection
	GlobalSection(SolutionProperties) = preSolution
		HideSolutionNode = FALSE
	EndGlobalSection
	GlobalSection(ExtensibilityGlobals) = postSolution
		SolutionGuid = {A8400F18-FA6A-4170-9016-FBE03C165EB5}
	EndGlobalSection
EndGlobal
