
Microsoft Visual Studio Solution File, Format Version 12.00
# Visual Studio Version 17
VisualStudioVersion = 17.5.33502.453
MinimumVisualStudioVersion = 10.0.40219.1
Project("{FAE04EC0-301F-11D3-BF4B-00C04F79EFBC}") = "Exercise3", "Exercise3\Exercise3.csproj", "{DB90A44F-8EED-41C0-9F8E-7DE831A19A09}"
EndProject
Global
	GlobalSection(SolutionConfigurationPlatforms) = preSolution
		Debug|Any CPU = Debug|Any CPU
		Release|Any CPU = Release|Any CPU
	EndGlobalSection
	GlobalSection(ProjectConfigurationPlatforms) = postSolution
		{DB90A44F-8EED-41C0-9F8E-7DE831A19A09}.Debug|Any CPU.ActiveCfg = Debug|Any CPU
		{DB90A44F-8EED-41C0-9F8E-7DE831A19A09}.Debug|Any CPU.Build.0 = Debug|Any CPU
		{DB90A44F-8EED-41C0-9F8E-7DE831A19A09}.Release|Any CPU.ActiveCfg = Release|Any CPU
		{DB90A44F-8EED-41C0-9F8E-7DE831A19A09}.Release|Any CPU.Build.0 = Release|Any CPU
	EndGlobalSection
	GlobalSection(SolutionProperties) = preSolution
		HideSolutionNode = FALSE
	EndGlobalSection
	GlobalSection(ExtensibilityGlobals) = postSolution
		SolutionGuid = {D9233C12-9129-473A-81FC-2D2CA644C9D6}
	EndGlobalSection
EndGlobal
