
Microsoft Visual Studio Solution File, Format Version 12.00
# Visual Studio Version 17
VisualStudioVersion = 17.5.33414.496
MinimumVisualStudioVersion = 10.0.40219.1
Project("{FAE04EC0-301F-11D3-BF4B-00C04F79EFBC}") = "SEDC.Exercise.Car", "SEDC.Exercises\SEDC.Exercise.Car.csproj", "{B882F326-99CE-432E-9B20-317B3F021796}"
EndProject
Project("{FAE04EC0-301F-11D3-BF4B-00C04F79EFBC}") = "SEDC.Exercise_1", "SEDC.Exercise_1\SEDC.Exercise_1.csproj", "{EA65C622-3465-4595-A981-8479090C960D}"
EndProject
Project("{FAE04EC0-301F-11D3-BF4B-00C04F79EFBC}") = "SEDC.Exercise_2", "SEDC.Exercise_2\SEDC.Exercise_2.csproj", "{7BC03CE8-878B-4E66-8B14-A2D0AF307D47}"
EndProject
Project("{FAE04EC0-301F-11D3-BF4B-00C04F79EFBC}") = "SEDC.Exercise_3", "SEDC.Exercise_3\SEDC.Exercise_3.csproj", "{B4A1CA8F-F6AA-4388-AA40-F183E7B13AF1}"
EndProject
Project("{FAE04EC0-301F-11D3-BF4B-00C04F79EFBC}") = "SEDC.Exercise_4", "SEDC.Exercise_4\SEDC.Exercise_4.csproj", "{66D7E2AB-96BD-42A9-8339-0562F1D24A42}"
EndProject
Global
	GlobalSection(SolutionConfigurationPlatforms) = preSolution
		Debug|Any CPU = Debug|Any CPU
		Release|Any CPU = Release|Any CPU
	EndGlobalSection
	GlobalSection(ProjectConfigurationPlatforms) = postSolution
		{B882F326-99CE-432E-9B20-317B3F021796}.Debug|Any CPU.ActiveCfg = Debug|Any CPU
		{B882F326-99CE-432E-9B20-317B3F021796}.Debug|Any CPU.Build.0 = Debug|Any CPU
		{B882F326-99CE-432E-9B20-317B3F021796}.Release|Any CPU.ActiveCfg = Release|Any CPU
		{B882F326-99CE-432E-9B20-317B3F021796}.Release|Any CPU.Build.0 = Release|Any CPU
		{EA65C622-3465-4595-A981-8479090C960D}.Debug|Any CPU.ActiveCfg = Debug|Any CPU
		{EA65C622-3465-4595-A981-8479090C960D}.Debug|Any CPU.Build.0 = Debug|Any CPU
		{EA65C622-3465-4595-A981-8479090C960D}.Release|Any CPU.ActiveCfg = Release|Any CPU
		{EA65C622-3465-4595-A981-8479090C960D}.Release|Any CPU.Build.0 = Release|Any CPU
		{7BC03CE8-878B-4E66-8B14-A2D0AF307D47}.Debug|Any CPU.ActiveCfg = Debug|Any CPU
		{7BC03CE8-878B-4E66-8B14-A2D0AF307D47}.Debug|Any CPU.Build.0 = Debug|Any CPU
		{7BC03CE8-878B-4E66-8B14-A2D0AF307D47}.Release|Any CPU.ActiveCfg = Release|Any CPU
		{7BC03CE8-878B-4E66-8B14-A2D0AF307D47}.Release|Any CPU.Build.0 = Release|Any CPU
		{B4A1CA8F-F6AA-4388-AA40-F183E7B13AF1}.Debug|Any CPU.ActiveCfg = Debug|Any CPU
		{B4A1CA8F-F6AA-4388-AA40-F183E7B13AF1}.Debug|Any CPU.Build.0 = Debug|Any CPU
		{B4A1CA8F-F6AA-4388-AA40-F183E7B13AF1}.Release|Any CPU.ActiveCfg = Release|Any CPU
		{B4A1CA8F-F6AA-4388-AA40-F183E7B13AF1}.Release|Any CPU.Build.0 = Release|Any CPU
		{66D7E2AB-96BD-42A9-8339-0562F1D24A42}.Debug|Any CPU.ActiveCfg = Debug|Any CPU
		{66D7E2AB-96BD-42A9-8339-0562F1D24A42}.Debug|Any CPU.Build.0 = Debug|Any CPU
		{66D7E2AB-96BD-42A9-8339-0562F1D24A42}.Release|Any CPU.ActiveCfg = Release|Any CPU
		{66D7E2AB-96BD-42A9-8339-0562F1D24A42}.Release|Any CPU.Build.0 = Release|Any CPU
	EndGlobalSection
	GlobalSection(SolutionProperties) = preSolution
		HideSolutionNode = FALSE
	EndGlobalSection
	GlobalSection(ExtensibilityGlobals) = postSolution
		SolutionGuid = {0856B1BB-BDBC-412C-AAEA-F677645F904B}
	EndGlobalSection
EndGlobal
