
Microsoft Visual Studio Solution File, Format Version 12.00
# Visual Studio Version 17
VisualStudioVersion = 17.5.33414.496
MinimumVisualStudioVersion = 10.0.40219.1
Project("{FAE04EC0-301F-11D3-BF4B-00C04F79EFBC}") = "SEDC.Class01.ConsoleFrameworkApp", "SEDC.Class01.ConsoleFrameworkApp\SEDC.Class01.ConsoleFrameworkApp.csproj", "{0D718CF8-9CD8-4B74-BA03-3B1AA4A0D7BB}"
EndProject
Project("{FAE04EC0-301F-11D3-BF4B-00C04F79EFBC}") = "SEDC.Class01.ConsoleApp", "SEDC.Class01.ConsoleApp\SEDC.Class01.ConsoleApp.csproj", "{E5727F40-AFB3-4C54-92FC-2DC48FEA062B}"
EndProject
Project("{FAE04EC0-301F-11D3-BF4B-00C04F79EFBC}") = "SEDC.Class01.App", "SEDC.Class01.App\SEDC.Class01.App.csproj", "{06E72F23-AD74-4D97-839E-78E0474E8B76}"
EndProject
Project("{FAE04EC0-301F-11D3-BF4B-00C04F79EFBC}") = "SEDC.Class01.DemoWebApi", "SEDC.Class01.DemoWebApi\SEDC.Class01.DemoWebApi.csproj", "{27D9BCCD-FBE7-4EFE-AF41-F5BB5B49B353}"
EndProject
Project("{FAE04EC0-301F-11D3-BF4B-00C04F79EFBC}") = "SEDC.Class01.Template", "SEDC.Class01.Template\SEDC.Class01.Template.csproj", "{7A0C79BB-80BB-4140-A05D-ABE3B275B132}"
EndProject
Project("{FAE04EC0-301F-11D3-BF4B-00C04F79EFBC}") = "SEDC.Class01.MVC", "SEDC.Class01.MVC\SEDC.Class01.MVC.csproj", "{C8817C20-FA96-4E02-8C46-3A05000D4DEF}"
EndProject
Global
	GlobalSection(SolutionConfigurationPlatforms) = preSolution
		Debug|Any CPU = Debug|Any CPU
		Release|Any CPU = Release|Any CPU
	EndGlobalSection
	GlobalSection(ProjectConfigurationPlatforms) = postSolution
		{0D718CF8-9CD8-4B74-BA03-3B1AA4A0D7BB}.Debug|Any CPU.ActiveCfg = Debug|Any CPU
		{0D718CF8-9CD8-4B74-BA03-3B1AA4A0D7BB}.Debug|Any CPU.Build.0 = Debug|Any CPU
		{0D718CF8-9CD8-4B74-BA03-3B1AA4A0D7BB}.Release|Any CPU.ActiveCfg = Release|Any CPU
		{0D718CF8-9CD8-4B74-BA03-3B1AA4A0D7BB}.Release|Any CPU.Build.0 = Release|Any CPU
		{E5727F40-AFB3-4C54-92FC-2DC48FEA062B}.Debug|Any CPU.ActiveCfg = Debug|Any CPU
		{E5727F40-AFB3-4C54-92FC-2DC48FEA062B}.Debug|Any CPU.Build.0 = Debug|Any CPU
		{E5727F40-AFB3-4C54-92FC-2DC48FEA062B}.Release|Any CPU.ActiveCfg = Release|Any CPU
		{E5727F40-AFB3-4C54-92FC-2DC48FEA062B}.Release|Any CPU.Build.0 = Release|Any CPU
		{06E72F23-AD74-4D97-839E-78E0474E8B76}.Debug|Any CPU.ActiveCfg = Debug|Any CPU
		{06E72F23-AD74-4D97-839E-78E0474E8B76}.Debug|Any CPU.Build.0 = Debug|Any CPU
		{06E72F23-AD74-4D97-839E-78E0474E8B76}.Release|Any CPU.ActiveCfg = Release|Any CPU
		{06E72F23-AD74-4D97-839E-78E0474E8B76}.Release|Any CPU.Build.0 = Release|Any CPU
		{27D9BCCD-FBE7-4EFE-AF41-F5BB5B49B353}.Debug|Any CPU.ActiveCfg = Debug|Any CPU
		{27D9BCCD-FBE7-4EFE-AF41-F5BB5B49B353}.Debug|Any CPU.Build.0 = Debug|Any CPU
		{27D9BCCD-FBE7-4EFE-AF41-F5BB5B49B353}.Release|Any CPU.ActiveCfg = Release|Any CPU
		{27D9BCCD-FBE7-4EFE-AF41-F5BB5B49B353}.Release|Any CPU.Build.0 = Release|Any CPU
		{7A0C79BB-80BB-4140-A05D-ABE3B275B132}.Debug|Any CPU.ActiveCfg = Debug|Any CPU
		{7A0C79BB-80BB-4140-A05D-ABE3B275B132}.Debug|Any CPU.Build.0 = Debug|Any CPU
		{7A0C79BB-80BB-4140-A05D-ABE3B275B132}.Release|Any CPU.ActiveCfg = Release|Any CPU
		{7A0C79BB-80BB-4140-A05D-ABE3B275B132}.Release|Any CPU.Build.0 = Release|Any CPU
		{C8817C20-FA96-4E02-8C46-3A05000D4DEF}.Debug|Any CPU.ActiveCfg = Debug|Any CPU
		{C8817C20-FA96-4E02-8C46-3A05000D4DEF}.Debug|Any CPU.Build.0 = Debug|Any CPU
		{C8817C20-FA96-4E02-8C46-3A05000D4DEF}.Release|Any CPU.ActiveCfg = Release|Any CPU
		{C8817C20-FA96-4E02-8C46-3A05000D4DEF}.Release|Any CPU.Build.0 = Release|Any CPU
	EndGlobalSection
	GlobalSection(SolutionProperties) = preSolution
		HideSolutionNode = FALSE
	EndGlobalSection
	GlobalSection(ExtensibilityGlobals) = postSolution
		SolutionGuid = {542E2341-91A1-404E-9EA1-A7B91EA2A8CA}
	EndGlobalSection
EndGlobal
