
Microsoft Visual Studio Solution File, Format Version 12.00
# Visual Studio Version 17
VisualStudioVersion = 17.5.33414.496
MinimumVisualStudioVersion = 10.0.40219.1
Project("{9A19103F-16F7-4668-BE54-9A1E7A4F7556}") = "DataTypes", "DataTypes\DataTypes.csproj", "{5DAFC953-C33F-45C3-B2D7-1E9C2B0306A3}"
EndProject
Project("{9A19103F-16F7-4668-BE54-9A1E7A4F7556}") = "Exercise01", "Exercise01\Exercise01.csproj", "{5CDD0906-2099-4192-9F67-779502A6B9E1}"
EndProject
Project("{9A19103F-16F7-4668-BE54-9A1E7A4F7556}") = "Exercise02", "Exercise02\Exercise02.csproj", "{06E49151-8708-4FB8-87F0-0D09C2488F96}"
EndProject
Project("{9A19103F-16F7-4668-BE54-9A1E7A4F7556}") = "Exercise03", "Exercise03\Exercise03.csproj", "{B5091A74-FEBA-4B25-93AB-66D221CE94BE}"
EndProject
Project("{FAE04EC0-301F-11D3-BF4B-00C04F79EFBC}") = "Exercise04", "Exercise04\Exercise04.csproj", "{74E01A03-5D75-4AC8-9E04-743CC70B8496}"
EndProject
Global
	GlobalSection(SolutionConfigurationPlatforms) = preSolution
		Debug|Any CPU = Debug|Any CPU
		Release|Any CPU = Release|Any CPU
	EndGlobalSection
	GlobalSection(ProjectConfigurationPlatforms) = postSolution
		{5DAFC953-C33F-45C3-B2D7-1E9C2B0306A3}.Debug|Any CPU.ActiveCfg = Debug|Any CPU
		{5DAFC953-C33F-45C3-B2D7-1E9C2B0306A3}.Debug|Any CPU.Build.0 = Debug|Any CPU
		{5DAFC953-C33F-45C3-B2D7-1E9C2B0306A3}.Release|Any CPU.ActiveCfg = Release|Any CPU
		{5DAFC953-C33F-45C3-B2D7-1E9C2B0306A3}.Release|Any CPU.Build.0 = Release|Any CPU
		{5CDD0906-2099-4192-9F67-779502A6B9E1}.Debug|Any CPU.ActiveCfg = Debug|Any CPU
		{5CDD0906-2099-4192-9F67-779502A6B9E1}.Debug|Any CPU.Build.0 = Debug|Any CPU
		{5CDD0906-2099-4192-9F67-779502A6B9E1}.Release|Any CPU.ActiveCfg = Release|Any CPU
		{5CDD0906-2099-4192-9F67-779502A6B9E1}.Release|Any CPU.Build.0 = Release|Any CPU
		{06E49151-8708-4FB8-87F0-0D09C2488F96}.Debug|Any CPU.ActiveCfg = Debug|Any CPU
		{06E49151-8708-4FB8-87F0-0D09C2488F96}.Debug|Any CPU.Build.0 = Debug|Any CPU
		{06E49151-8708-4FB8-87F0-0D09C2488F96}.Release|Any CPU.ActiveCfg = Release|Any CPU
		{06E49151-8708-4FB8-87F0-0D09C2488F96}.Release|Any CPU.Build.0 = Release|Any CPU
		{B5091A74-FEBA-4B25-93AB-66D221CE94BE}.Debug|Any CPU.ActiveCfg = Debug|Any CPU
		{B5091A74-FEBA-4B25-93AB-66D221CE94BE}.Debug|Any CPU.Build.0 = Debug|Any CPU
		{B5091A74-FEBA-4B25-93AB-66D221CE94BE}.Release|Any CPU.ActiveCfg = Release|Any CPU
		{B5091A74-FEBA-4B25-93AB-66D221CE94BE}.Release|Any CPU.Build.0 = Release|Any CPU
		{74E01A03-5D75-4AC8-9E04-743CC70B8496}.Debug|Any CPU.ActiveCfg = Debug|Any CPU
		{74E01A03-5D75-4AC8-9E04-743CC70B8496}.Debug|Any CPU.Build.0 = Debug|Any CPU
		{74E01A03-5D75-4AC8-9E04-743CC70B8496}.Release|Any CPU.ActiveCfg = Release|Any CPU
		{74E01A03-5D75-4AC8-9E04-743CC70B8496}.Release|Any CPU.Build.0 = Release|Any CPU
	EndGlobalSection
	GlobalSection(SolutionProperties) = preSolution
		HideSolutionNode = FALSE
	EndGlobalSection
	GlobalSection(ExtensibilityGlobals) = postSolution
		SolutionGuid = {D603E575-54CC-4D26-85C7-E7EC36712E80}
	EndGlobalSection
EndGlobal
