
Microsoft Visual Studio Solution File, Format Version 12.00
# Visual Studio Version 17
VisualStudioVersion = 17.5.33414.496
MinimumVisualStudioVersion = 10.0.40219.1
Project("{FAE04EC0-301F-11D3-BF4B-00C04F79EFBC}") = "SEDC.Class05.ClassesAndObjects", "SEDC.Class05.ClassesAndObjects\SEDC.Class05.ClassesAndObjects.csproj", "{EAF1E24A-CC44-4C57-866C-67595F46F3FB}"
EndProject
Global
	GlobalSection(SolutionConfigurationPlatforms) = preSolution
		Debug|Any CPU = Debug|Any CPU
		Release|Any CPU = Release|Any CPU
	EndGlobalSection
	GlobalSection(ProjectConfigurationPlatforms) = postSolution
		{EAF1E24A-CC44-4C57-866C-67595F46F3FB}.Debug|Any CPU.ActiveCfg = Debug|Any CPU
		{EAF1E24A-CC44-4C57-866C-67595F46F3FB}.Debug|Any CPU.Build.0 = Debug|Any CPU
		{EAF1E24A-CC44-4C57-866C-67595F46F3FB}.Release|Any CPU.ActiveCfg = Release|Any CPU
		{EAF1E24A-CC44-4C57-866C-67595F46F3FB}.Release|Any CPU.Build.0 = Release|Any CPU
	EndGlobalSection
	GlobalSection(SolutionProperties) = preSolution
		HideSolutionNode = FALSE
	EndGlobalSection
	GlobalSection(ExtensibilityGlobals) = postSolution
		SolutionGuid = {9440BC7F-E74D-4D2B-BF0C-0D6AA22ED2C2}
	EndGlobalSection
EndGlobal
