
Microsoft Visual Studio Solution File, Format Version 12.00
# Visual Studio Version 17
VisualStudioVersion = 17.5.33414.496
MinimumVisualStudioVersion = 10.0.40219.1
Project("{9A19103F-16F7-4668-BE54-9A1E7A4F7556}") = "Class08_Demo", "Class08_Demo\Class08_Demo.csproj", "{832E63FE-FD37-4185-981C-1B04D0698FBA}"
EndProject
Project("{FAE04EC0-301F-11D3-BF4B-00C04F79EFBC}") = "Services", "Services\Services.csproj", "{2B040F24-675E-4087-B681-FF5BC9F29DAD}"
EndProject
Project("{FAE04EC0-301F-11D3-BF4B-00C04F79EFBC}") = "Model", "Model\Model.csproj", "{053433EF-47D6-4184-8456-29D8604DA5E8}"
EndProject
Global
	GlobalSection(SolutionConfigurationPlatforms) = preSolution
		Debug|Any CPU = Debug|Any CPU
		Release|Any CPU = Release|Any CPU
	EndGlobalSection
	GlobalSection(ProjectConfigurationPlatforms) = postSolution
		{832E63FE-FD37-4185-981C-1B04D0698FBA}.Debug|Any CPU.ActiveCfg = Debug|Any CPU
		{832E63FE-FD37-4185-981C-1B04D0698FBA}.Debug|Any CPU.Build.0 = Debug|Any CPU
		{832E63FE-FD37-4185-981C-1B04D0698FBA}.Release|Any CPU.ActiveCfg = Release|Any CPU
		{832E63FE-FD37-4185-981C-1B04D0698FBA}.Release|Any CPU.Build.0 = Release|Any CPU
		{2B040F24-675E-4087-B681-FF5BC9F29DAD}.Debug|Any CPU.ActiveCfg = Debug|Any CPU
		{2B040F24-675E-4087-B681-FF5BC9F29DAD}.Debug|Any CPU.Build.0 = Debug|Any CPU
		{2B040F24-675E-4087-B681-FF5BC9F29DAD}.Release|Any CPU.ActiveCfg = Release|Any CPU
		{2B040F24-675E-4087-B681-FF5BC9F29DAD}.Release|Any CPU.Build.0 = Release|Any CPU
		{053433EF-47D6-4184-8456-29D8604DA5E8}.Debug|Any CPU.ActiveCfg = Debug|Any CPU
		{053433EF-47D6-4184-8456-29D8604DA5E8}.Debug|Any CPU.Build.0 = Debug|Any CPU
		{053433EF-47D6-4184-8456-29D8604DA5E8}.Release|Any CPU.ActiveCfg = Release|Any CPU
		{053433EF-47D6-4184-8456-29D8604DA5E8}.Release|Any CPU.Build.0 = Release|Any CPU
	EndGlobalSection
	GlobalSection(SolutionProperties) = preSolution
		HideSolutionNode = FALSE
	EndGlobalSection
	GlobalSection(ExtensibilityGlobals) = postSolution
		SolutionGuid = {276C8AD6-6B32-4856-9846-C8EA75F9E1A3}
	EndGlobalSection
EndGlobal
