
Microsoft Visual Studio Solution File, Format Version 12.00
# Visual Studio Version 17
VisualStudioVersion = 17.5.33414.496
MinimumVisualStudioVersion = 10.0.40219.1
Project("{FAE04EC0-301F-11D3-BF4B-00C04F79EFBC}") = "SEDC.Class03.Loops", "SEDC.Class03.Loops\SEDC.Class03.Loops.csproj", "{52919C13-0279-49C2-AA37-A352A36BA01F}"
EndProject
Project("{FAE04EC0-301F-11D3-BF4B-00C04F79EFBC}") = "SEDC.Class03.Arrays", "SEDC.Class03.Arrays\SEDC.Class03.Arrays.csproj", "{A7D560CC-0BDC-4ACB-AA9F-7BED213BB82B}"
EndProject
Global
	GlobalSection(SolutionConfigurationPlatforms) = preSolution
		Debug|Any CPU = Debug|Any CPU
		Release|Any CPU = Release|Any CPU
	EndGlobalSection
	GlobalSection(ProjectConfigurationPlatforms) = postSolution
		{52919C13-0279-49C2-AA37-A352A36BA01F}.Debug|Any CPU.ActiveCfg = Debug|Any CPU
		{52919C13-0279-49C2-AA37-A352A36BA01F}.Debug|Any CPU.Build.0 = Debug|Any CPU
		{52919C13-0279-49C2-AA37-A352A36BA01F}.Release|Any CPU.ActiveCfg = Release|Any CPU
		{52919C13-0279-49C2-AA37-A352A36BA01F}.Release|Any CPU.Build.0 = Release|Any CPU
		{A7D560CC-0BDC-4ACB-AA9F-7BED213BB82B}.Debug|Any CPU.ActiveCfg = Debug|Any CPU
		{A7D560CC-0BDC-4ACB-AA9F-7BED213BB82B}.Debug|Any CPU.Build.0 = Debug|Any CPU
		{A7D560CC-0BDC-4ACB-AA9F-7BED213BB82B}.Release|Any CPU.ActiveCfg = Release|Any CPU
		{A7D560CC-0BDC-4ACB-AA9F-7BED213BB82B}.Release|Any CPU.Build.0 = Release|Any CPU
	EndGlobalSection
	GlobalSection(SolutionProperties) = preSolution
		HideSolutionNode = FALSE
	EndGlobalSection
	GlobalSection(ExtensibilityGlobals) = postSolution
		SolutionGuid = {874E145E-9398-49DB-ABA6-41D5A46FC6A1}
	EndGlobalSection
EndGlobal
