
Microsoft Visual Studio Solution File, Format Version 12.00
# Visual Studio Version 17
VisualStudioVersion = 17.5.33414.496
MinimumVisualStudioVersion = 10.0.40219.1
Project("{FAE04EC0-301F-11D3-BF4B-00C04F79EFBC}") = "Class02_Demo", "Class02_Demo\Class02_Demo.csproj", "{F06702CE-A9BD-4EA2-9A14-6A5B60AF829D}"
EndProject
Global
	GlobalSection(SolutionConfigurationPlatforms) = preSolution
		Debug|Any CPU = Debug|Any CPU
		Release|Any CPU = Release|Any CPU
	EndGlobalSection
	GlobalSection(ProjectConfigurationPlatforms) = postSolution
		{F06702CE-A9BD-4EA2-9A14-6A5B60AF829D}.Debug|Any CPU.ActiveCfg = Debug|Any CPU
		{F06702CE-A9BD-4EA2-9A14-6A5B60AF829D}.Debug|Any CPU.Build.0 = Debug|Any CPU
		{F06702CE-A9BD-4EA2-9A14-6A5B60AF829D}.Release|Any CPU.ActiveCfg = Release|Any CPU
		{F06702CE-A9BD-4EA2-9A14-6A5B60AF829D}.Release|Any CPU.Build.0 = Release|Any CPU
	EndGlobalSection
	GlobalSection(SolutionProperties) = preSolution
		HideSolutionNode = FALSE
	EndGlobalSection
	GlobalSection(ExtensibilityGlobals) = postSolution
		SolutionGuid = {B7149A16-29F0-4C69-A7D6-A60EF665D1B4}
	EndGlobalSection
EndGlobal
