
Microsoft Visual Studio Solution File, Format Version 12.00
# Visual Studio Version 17
VisualStudioVersion = 17.5.33414.496
MinimumVisualStudioVersion = 10.0.40219.1
Project("{FAE04EC0-301F-11D3-BF4B-00C04F79EFBC}") = "Class06_Task1", "Class06_Task1\Class06_Task1.csproj", "{6386B9FF-02F9-471D-9D64-06EF201A879B}"
EndProject
Project("{FAE04EC0-301F-11D3-BF4B-00C04F79EFBC}") = "Class06_Task2", "Class06_Task2\Class06_Task2.csproj", "{D23397A8-BFDE-4D8D-9F35-DE2BA14F0427}"
EndProject
Project("{FAE04EC0-301F-11D3-BF4B-00C04F79EFBC}") = "Class06_Task3", "Class06_Task3\Class06_Task3.csproj", "{1029D248-6E40-4AFE-B919-76EAB322789B}"
EndProject
Global
	GlobalSection(SolutionConfigurationPlatforms) = preSolution
		Debug|Any CPU = Debug|Any CPU
		Release|Any CPU = Release|Any CPU
	EndGlobalSection
	GlobalSection(ProjectConfigurationPlatforms) = postSolution
		{6386B9FF-02F9-471D-9D64-06EF201A879B}.Debug|Any CPU.ActiveCfg = Debug|Any CPU
		{6386B9FF-02F9-471D-9D64-06EF201A879B}.Debug|Any CPU.Build.0 = Debug|Any CPU
		{6386B9FF-02F9-471D-9D64-06EF201A879B}.Release|Any CPU.ActiveCfg = Release|Any CPU
		{6386B9FF-02F9-471D-9D64-06EF201A879B}.Release|Any CPU.Build.0 = Release|Any CPU
		{D23397A8-BFDE-4D8D-9F35-DE2BA14F0427}.Debug|Any CPU.ActiveCfg = Debug|Any CPU
		{D23397A8-BFDE-4D8D-9F35-DE2BA14F0427}.Debug|Any CPU.Build.0 = Debug|Any CPU
		{D23397A8-BFDE-4D8D-9F35-DE2BA14F0427}.Release|Any CPU.ActiveCfg = Release|Any CPU
		{D23397A8-BFDE-4D8D-9F35-DE2BA14F0427}.Release|Any CPU.Build.0 = Release|Any CPU
		{1029D248-6E40-4AFE-B919-76EAB322789B}.Debug|Any CPU.ActiveCfg = Debug|Any CPU
		{1029D248-6E40-4AFE-B919-76EAB322789B}.Debug|Any CPU.Build.0 = Debug|Any CPU
		{1029D248-6E40-4AFE-B919-76EAB322789B}.Release|Any CPU.ActiveCfg = Release|Any CPU
		{1029D248-6E40-4AFE-B919-76EAB322789B}.Release|Any CPU.Build.0 = Release|Any CPU
	EndGlobalSection
	GlobalSection(SolutionProperties) = preSolution
		HideSolutionNode = FALSE
	EndGlobalSection
	GlobalSection(ExtensibilityGlobals) = postSolution
		SolutionGuid = {D884E51E-3708-4B1F-A627-6959087BD733}
	EndGlobalSection
EndGlobal
