
Microsoft Visual Studio Solution File, Format Version 12.00
# Visual Studio Version 17
VisualStudioVersion = 17.5.33414.496
MinimumVisualStudioVersion = 10.0.40219.1
Project("{FAE04EC0-301F-11D3-BF4B-00C04F79EFBC}") = "HelloWorld_NET5", "HelloWorld_NET5\HelloWorld_NET5.csproj", "{D0BE3321-EB2C-464D-92FC-0C6DCABDFB2D}"
EndProject
Project("{FAE04EC0-301F-11D3-BF4B-00C04F79EFBC}") = "HelloWorld_NET6", "HelloWorld_NET6\HelloWorld_NET6.csproj", "{51A50866-9E7D-494C-B573-3BB636C1FE72}"
EndProject
Project("{FAE04EC0-301F-11D3-BF4B-00C04F79EFBC}") = "HelloWorld_NETFullFramework", "HelloWorld_NETFullFramework\HelloWorld_NETFullFramework.csproj", "{7A86B5A5-2F13-46F0-888E-0B8F013F72D3}"
EndProject
Global
	GlobalSection(SolutionConfigurationPlatforms) = preSolution
		Debug|Any CPU = Debug|Any CPU
		Release|Any CPU = Release|Any CPU
	EndGlobalSection
	GlobalSection(ProjectConfigurationPlatforms) = postSolution
		{D0BE3321-EB2C-464D-92FC-0C6DCABDFB2D}.Debug|Any CPU.ActiveCfg = Debug|Any CPU
		{D0BE3321-EB2C-464D-92FC-0C6DCABDFB2D}.Debug|Any CPU.Build.0 = Debug|Any CPU
		{D0BE3321-EB2C-464D-92FC-0C6DCABDFB2D}.Release|Any CPU.ActiveCfg = Release|Any CPU
		{D0BE3321-EB2C-464D-92FC-0C6DCABDFB2D}.Release|Any CPU.Build.0 = Release|Any CPU
		{51A50866-9E7D-494C-B573-3BB636C1FE72}.Debug|Any CPU.ActiveCfg = Debug|Any CPU
		{51A50866-9E7D-494C-B573-3BB636C1FE72}.Debug|Any CPU.Build.0 = Debug|Any CPU
		{51A50866-9E7D-494C-B573-3BB636C1FE72}.Release|Any CPU.ActiveCfg = Release|Any CPU
		{51A50866-9E7D-494C-B573-3BB636C1FE72}.Release|Any CPU.Build.0 = Release|Any CPU
		{7A86B5A5-2F13-46F0-888E-0B8F013F72D3}.Debug|Any CPU.ActiveCfg = Debug|Any CPU
		{7A86B5A5-2F13-46F0-888E-0B8F013F72D3}.Debug|Any CPU.Build.0 = Debug|Any CPU
		{7A86B5A5-2F13-46F0-888E-0B8F013F72D3}.Release|Any CPU.ActiveCfg = Release|Any CPU
		{7A86B5A5-2F13-46F0-888E-0B8F013F72D3}.Release|Any CPU.Build.0 = Release|Any CPU
	EndGlobalSection
	GlobalSection(SolutionProperties) = preSolution
		HideSolutionNode = FALSE
	EndGlobalSection
	GlobalSection(ExtensibilityGlobals) = postSolution
		SolutionGuid = {7DC5A2E9-156F-4F1A-8C37-2D2B81AA256F}
	EndGlobalSection
EndGlobal
