
Microsoft Visual Studio Solution File, Format Version 12.00
# Visual Studio Version 17
VisualStudioVersion = 17.5.33414.496
MinimumVisualStudioVersion = 10.0.40219.1
Project("{FAE04EC0-301F-11D3-BF4B-00C04F79EFBC}") = "Class07_DemoEnum", "Class07_DemoEnum\Class07_DemoEnum.csproj", "{EE83C7B5-60D7-4FC6-A0C7-4B238ABBE6C4}"
EndProject
Project("{FAE04EC0-301F-11D3-BF4B-00C04F79EFBC}") = "Models", "Models\Models.csproj", "{2E8E8D0E-95FC-4C8E-A776-49C6719BF18A}"
EndProject
Global
	GlobalSection(SolutionConfigurationPlatforms) = preSolution
		Debug|Any CPU = Debug|Any CPU
		Release|Any CPU = Release|Any CPU
	EndGlobalSection
	GlobalSection(ProjectConfigurationPlatforms) = postSolution
		{EE83C7B5-60D7-4FC6-A0C7-4B238ABBE6C4}.Debug|Any CPU.ActiveCfg = Debug|Any CPU
		{EE83C7B5-60D7-4FC6-A0C7-4B238ABBE6C4}.Debug|Any CPU.Build.0 = Debug|Any CPU
		{EE83C7B5-60D7-4FC6-A0C7-4B238ABBE6C4}.Release|Any CPU.ActiveCfg = Release|Any CPU
		{EE83C7B5-60D7-4FC6-A0C7-4B238ABBE6C4}.Release|Any CPU.Build.0 = Release|Any CPU
		{2E8E8D0E-95FC-4C8E-A776-49C6719BF18A}.Debug|Any CPU.ActiveCfg = Debug|Any CPU
		{2E8E8D0E-95FC-4C8E-A776-49C6719BF18A}.Debug|Any CPU.Build.0 = Debug|Any CPU
		{2E8E8D0E-95FC-4C8E-A776-49C6719BF18A}.Release|Any CPU.ActiveCfg = Release|Any CPU
		{2E8E8D0E-95FC-4C8E-A776-49C6719BF18A}.Release|Any CPU.Build.0 = Release|Any CPU
	EndGlobalSection
	GlobalSection(SolutionProperties) = preSolution
		HideSolutionNode = FALSE
	EndGlobalSection
	GlobalSection(ExtensibilityGlobals) = postSolution
		SolutionGuid = {64D9F0D5-E470-439B-A9BC-0153A5B61A85}
	EndGlobalSection
EndGlobal
