
Microsoft Visual Studio Solution File, Format Version 12.00
# Visual Studio Version 17
VisualStudioVersion = 17.3.32929.385
MinimumVisualStudioVersion = 10.0.40219.1
Project("{FAE04EC0-301F-11D3-BF4B-00C04F79EFBC}") = "Class02", "Class02\Class02.csproj", "{719716A1-B360-488B-A68A-77C91B46DEB5}"
EndProject
Global
	GlobalSection(SolutionConfigurationPlatforms) = preSolution
		Debug|Any CPU = Debug|Any CPU
		Release|Any CPU = Release|Any CPU
	EndGlobalSection
	GlobalSection(ProjectConfigurationPlatforms) = postSolution
		{719716A1-B360-488B-A68A-77C91B46DEB5}.Debug|Any CPU.ActiveCfg = Debug|Any CPU
		{719716A1-B360-488B-A68A-77C91B46DEB5}.Debug|Any CPU.Build.0 = Debug|Any CPU
		{719716A1-B360-488B-A68A-77C91B46DEB5}.Release|Any CPU.ActiveCfg = Release|Any CPU
		{719716A1-B360-488B-A68A-77C91B46DEB5}.Release|Any CPU.Build.0 = Release|Any CPU
	EndGlobalSection
	GlobalSection(SolutionProperties) = preSolution
		HideSolutionNode = FALSE
	EndGlobalSection
	GlobalSection(ExtensibilityGlobals) = postSolution
		SolutionGuid = {BEF534EC-6F79-41B4-810B-1FBBB93471BD}
	EndGlobalSection
EndGlobal
