
Microsoft Visual Studio Solution File, Format Version 12.00
# Visual Studio Version 17
VisualStudioVersion = 17.5.33414.496
MinimumVisualStudioVersion = 10.0.40219.1
Project("{FAE04EC0-301F-11D3-BF4B-00C04F79EFBC}") = "Class05_Demo", "Class05_Demo\Class05_Demo.csproj", "{8302E86B-CAEF-4DC1-A6ED-3B629C77CE07}"
EndProject
Global
	GlobalSection(SolutionConfigurationPlatforms) = preSolution
		Debug|Any CPU = Debug|Any CPU
		Release|Any CPU = Release|Any CPU
	EndGlobalSection
	GlobalSection(ProjectConfigurationPlatforms) = postSolution
		{8302E86B-CAEF-4DC1-A6ED-3B629C77CE07}.Debug|Any CPU.ActiveCfg = Debug|Any CPU
		{8302E86B-CAEF-4DC1-A6ED-3B629C77CE07}.Debug|Any CPU.Build.0 = Debug|Any CPU
		{8302E86B-CAEF-4DC1-A6ED-3B629C77CE07}.Release|Any CPU.ActiveCfg = Release|Any CPU
		{8302E86B-CAEF-4DC1-A6ED-3B629C77CE07}.Release|Any CPU.Build.0 = Release|Any CPU
	EndGlobalSection
	GlobalSection(SolutionProperties) = preSolution
		HideSolutionNode = FALSE
	EndGlobalSection
	GlobalSection(ExtensibilityGlobals) = postSolution
		SolutionGuid = {86235D54-BDFC-44A9-9FB4-8B5F779A4A13}
	EndGlobalSection
EndGlobal
