
Microsoft Visual Studio Solution File, Format Version 12.00
# Visual Studio Version 17
VisualStudioVersion = 17.5.33414.496
MinimumVisualStudioVersion = 10.0.40219.1
Project("{FAE04EC0-301F-11D3-BF4B-00C04F79EFBC}") = "OurFirstConsoleApp", "OurFirstConsoleApp\OurFirstConsoleApp.csproj", "{BC1223AF-4D1F-4897-9B21-A51F874860A0}"
EndProject
Global
	GlobalSection(SolutionConfigurationPlatforms) = preSolution
		Debug|Any CPU = Debug|Any CPU
		Release|Any CPU = Release|Any CPU
	EndGlobalSection
	GlobalSection(ProjectConfigurationPlatforms) = postSolution
		{BC1223AF-4D1F-4897-9B21-A51F874860A0}.Debug|Any CPU.ActiveCfg = Debug|Any CPU
		{BC1223AF-4D1F-4897-9B21-A51F874860A0}.Debug|Any CPU.Build.0 = Debug|Any CPU
		{BC1223AF-4D1F-4897-9B21-A51F874860A0}.Release|Any CPU.ActiveCfg = Release|Any CPU
		{BC1223AF-4D1F-4897-9B21-A51F874860A0}.Release|Any CPU.Build.0 = Release|Any CPU
	EndGlobalSection
	GlobalSection(SolutionProperties) = preSolution
		HideSolutionNode = FALSE
	EndGlobalSection
	GlobalSection(ExtensibilityGlobals) = postSolution
		SolutionGuid = {A6D2C341-9089-407E-9203-6D3A08C1BFB6}
	EndGlobalSection
EndGlobal
