
Microsoft Visual Studio Solution File, Format Version 12.00
# Visual Studio Version 17
VisualStudioVersion = 17.5.33414.496
MinimumVisualStudioVersion = 10.0.40219.1
Project("{FAE04EC0-301F-11D3-BF4B-00C04F79EFBC}") = "SEDC.Dictionaries", "SEDC.Lists\SEDC.Dictionaries.csproj", "{41F69D36-D655-406F-8055-AED847FBCA2A}"
EndProject
Global
	GlobalSection(SolutionConfigurationPlatforms) = preSolution
		Debug|Any CPU = Debug|Any CPU
		Release|Any CPU = Release|Any CPU
	EndGlobalSection
	GlobalSection(ProjectConfigurationPlatforms) = postSolution
		{41F69D36-D655-406F-8055-AED847FBCA2A}.Debug|Any CPU.ActiveCfg = Debug|Any CPU
		{41F69D36-D655-406F-8055-AED847FBCA2A}.Debug|Any CPU.Build.0 = Debug|Any CPU
		{41F69D36-D655-406F-8055-AED847FBCA2A}.Release|Any CPU.ActiveCfg = Release|Any CPU
		{41F69D36-D655-406F-8055-AED847FBCA2A}.Release|Any CPU.Build.0 = Release|Any CPU
	EndGlobalSection
	GlobalSection(SolutionProperties) = preSolution
		HideSolutionNode = FALSE
	EndGlobalSection
	GlobalSection(ExtensibilityGlobals) = postSolution
		SolutionGuid = {5C30BE73-DF73-4326-A154-18E257CA26D2}
	EndGlobalSection
EndGlobal
