
Microsoft Visual Studio Solution File, Format Version 12.00
# Visual Studio Version 17
VisualStudioVersion = 17.5.33414.496
MinimumVisualStudioVersion = 10.0.40219.1
Project("{FAE04EC0-301F-11D3-BF4B-00C04F79EFBC}") = "SEDC.Class02.VariabalesAndDataTypes", "SEDC.Class02.VariabalesAndDataTypes\SEDC.Class02.VariabalesAndDataTypes.csproj", "{D73A3090-D7CF-4528-9939-A49C1312909C}"
EndProject
Global
	GlobalSection(SolutionConfigurationPlatforms) = preSolution
		Debug|Any CPU = Debug|Any CPU
		Release|Any CPU = Release|Any CPU
	EndGlobalSection
	GlobalSection(ProjectConfigurationPlatforms) = postSolution
		{D73A3090-D7CF-4528-9939-A49C1312909C}.Debug|Any CPU.ActiveCfg = Debug|Any CPU
		{D73A3090-D7CF-4528-9939-A49C1312909C}.Debug|Any CPU.Build.0 = Debug|Any CPU
		{D73A3090-D7CF-4528-9939-A49C1312909C}.Release|Any CPU.ActiveCfg = Release|Any CPU
		{D73A3090-D7CF-4528-9939-A49C1312909C}.Release|Any CPU.Build.0 = Release|Any CPU
	EndGlobalSection
	GlobalSection(SolutionProperties) = preSolution
		HideSolutionNode = FALSE
	EndGlobalSection
	GlobalSection(ExtensibilityGlobals) = postSolution
		SolutionGuid = {7CC2330A-796C-46E1-8038-E2EB1D120D40}
	EndGlobalSection
EndGlobal
