
Microsoft Visual Studio Solution File, Format Version 12.00
# Visual Studio Version 17
VisualStudioVersion = 17.5.33414.496
MinimumVisualStudioVersion = 10.0.40219.1
Project("{FAE04EC0-301F-11D3-BF4B-00C04F79EFBC}") = "Class04_Exercise04", "Class04_Exercise04\Class04_Exercise04.csproj", "{22225140-5452-4A24-BEFC-3D6963170DB7}"
EndProject
Global
	GlobalSection(SolutionConfigurationPlatforms) = preSolution
		Debug|Any CPU = Debug|Any CPU
		Release|Any CPU = Release|Any CPU
	EndGlobalSection
	GlobalSection(ProjectConfigurationPlatforms) = postSolution
		{22225140-5452-4A24-BEFC-3D6963170DB7}.Debug|Any CPU.ActiveCfg = Debug|Any CPU
		{22225140-5452-4A24-BEFC-3D6963170DB7}.Debug|Any CPU.Build.0 = Debug|Any CPU
		{22225140-5452-4A24-BEFC-3D6963170DB7}.Release|Any CPU.ActiveCfg = Release|Any CPU
		{22225140-5452-4A24-BEFC-3D6963170DB7}.Release|Any CPU.Build.0 = Release|Any CPU
	EndGlobalSection
	GlobalSection(SolutionProperties) = preSolution
		HideSolutionNode = FALSE
	EndGlobalSection
	GlobalSection(ExtensibilityGlobals) = postSolution
		SolutionGuid = {865E9873-744B-406F-97BC-075310748298}
	EndGlobalSection
EndGlobal
