
Microsoft Visual Studio Solution File, Format Version 12.00
# Visual Studio Version 17
VisualStudioVersion = 17.5.33414.496
MinimumVisualStudioVersion = 10.0.40219.1
Project("{FAE04EC0-301F-11D3-BF4B-00C04F79EFBC}") = "RetroExercise02", "RetroExercise02\RetroExercise02.csproj", "{964BC17A-E281-4948-A7B0-0F038A9A80B8}"
EndProject
Global
	GlobalSection(SolutionConfigurationPlatforms) = preSolution
		Debug|Any CPU = Debug|Any CPU
		Release|Any CPU = Release|Any CPU
	EndGlobalSection
	GlobalSection(ProjectConfigurationPlatforms) = postSolution
		{964BC17A-E281-4948-A7B0-0F038A9A80B8}.Debug|Any CPU.ActiveCfg = Debug|Any CPU
		{964BC17A-E281-4948-A7B0-0F038A9A80B8}.Debug|Any CPU.Build.0 = Debug|Any CPU
		{964BC17A-E281-4948-A7B0-0F038A9A80B8}.Release|Any CPU.ActiveCfg = Release|Any CPU
		{964BC17A-E281-4948-A7B0-0F038A9A80B8}.Release|Any CPU.Build.0 = Release|Any CPU
	EndGlobalSection
	GlobalSection(SolutionProperties) = preSolution
		HideSolutionNode = FALSE
	EndGlobalSection
	GlobalSection(ExtensibilityGlobals) = postSolution
		SolutionGuid = {BEBDC655-543B-45DD-B205-4C0244D3F6E0}
	EndGlobalSection
EndGlobal
