
Microsoft Visual Studio Solution File, Format Version 12.00
# Visual Studio Version 17
VisualStudioVersion = 17.5.33414.496
MinimumVisualStudioVersion = 10.0.40219.1
Project("{FAE04EC0-301F-11D3-BF4B-00C04F79EFBC}") = "Class02_Exercise07", "Class02_Exercise07\Class02_Exercise07.csproj", "{DF0450D2-20EC-4AB6-8116-3BCD01A72AC0}"
EndProject
Global
	GlobalSection(SolutionConfigurationPlatforms) = preSolution
		Debug|Any CPU = Debug|Any CPU
		Release|Any CPU = Release|Any CPU
	EndGlobalSection
	GlobalSection(ProjectConfigurationPlatforms) = postSolution
		{DF0450D2-20EC-4AB6-8116-3BCD01A72AC0}.Debug|Any CPU.ActiveCfg = Debug|Any CPU
		{DF0450D2-20EC-4AB6-8116-3BCD01A72AC0}.Debug|Any CPU.Build.0 = Debug|Any CPU
		{DF0450D2-20EC-4AB6-8116-3BCD01A72AC0}.Release|Any CPU.ActiveCfg = Release|Any CPU
		{DF0450D2-20EC-4AB6-8116-3BCD01A72AC0}.Release|Any CPU.Build.0 = Release|Any CPU
	EndGlobalSection
	GlobalSection(SolutionProperties) = preSolution
		HideSolutionNode = FALSE
	EndGlobalSection
	GlobalSection(ExtensibilityGlobals) = postSolution
		SolutionGuid = {FBB14913-2C1D-4313-9EA7-B914E9808B93}
	EndGlobalSection
EndGlobal
