
Microsoft Visual Studio Solution File, Format Version 12.00
# Visual Studio Version 17
VisualStudioVersion = 17.5.33502.453
MinimumVisualStudioVersion = 10.0.40219.1
Project("{FAE04EC0-301F-11D3-BF4B-00C04F79EFBC}") = "SEDC.AcademyManagement.ConsoleApp", "SEDC.AcademyManagement.ConsoleApp\SEDC.AcademyManagement.ConsoleApp.csproj", "{AEB36772-721C-4C24-90CC-E62EDA8FED34}"
EndProject
Project("{FAE04EC0-301F-11D3-BF4B-00C04F79EFBC}") = "SEDC.AcademyManagement.Domain", "SEDC.AcademyManagement.Domain\SEDC.AcademyManagement.Domain.csproj", "{B70FBDAC-F4FF-4842-81AA-C4432AA6C3DC}"
EndProject
Global
	GlobalSection(SolutionConfigurationPlatforms) = preSolution
		Debug|Any CPU = Debug|Any CPU
		Release|Any CPU = Release|Any CPU
	EndGlobalSection
	GlobalSection(ProjectConfigurationPlatforms) = postSolution
		{AEB36772-721C-4C24-90CC-E62EDA8FED34}.Debug|Any CPU.ActiveCfg = Debug|Any CPU
		{AEB36772-721C-4C24-90CC-E62EDA8FED34}.Debug|Any CPU.Build.0 = Debug|Any CPU
		{AEB36772-721C-4C24-90CC-E62EDA8FED34}.Release|Any CPU.ActiveCfg = Release|Any CPU
		{AEB36772-721C-4C24-90CC-E62EDA8FED34}.Release|Any CPU.Build.0 = Release|Any CPU
		{B70FBDAC-F4FF-4842-81AA-C4432AA6C3DC}.Debug|Any CPU.ActiveCfg = Debug|Any CPU
		{B70FBDAC-F4FF-4842-81AA-C4432AA6C3DC}.Debug|Any CPU.Build.0 = Debug|Any CPU
		{B70FBDAC-F4FF-4842-81AA-C4432AA6C3DC}.Release|Any CPU.ActiveCfg = Release|Any CPU
		{B70FBDAC-F4FF-4842-81AA-C4432AA6C3DC}.Release|Any CPU.Build.0 = Release|Any CPU
	EndGlobalSection
	GlobalSection(SolutionProperties) = preSolution
		HideSolutionNode = FALSE
	EndGlobalSection
	GlobalSection(ExtensibilityGlobals) = postSolution
		SolutionGuid = {3643A89D-A6C8-4E6D-BE8D-866511D64830}
	EndGlobalSection
EndGlobal
