
Microsoft Visual Studio Solution File, Format Version 12.00
# Visual Studio Version 17
VisualStudioVersion = 17.5.33424.131
MinimumVisualStudioVersion = 10.0.40219.1
Project("{FAE04EC0-301F-11D3-BF4B-00C04F79EFBC}") = "Exceptions", "Exceptions\Exceptions.csproj", "{47FDB9BB-90D0-4E99-BC88-4B57CA0CA5AE}"
EndProject
Global
	GlobalSection(SolutionConfigurationPlatforms) = preSolution
		Debug|Any CPU = Debug|Any CPU
		Release|Any CPU = Release|Any CPU
	EndGlobalSection
	GlobalSection(ProjectConfigurationPlatforms) = postSolution
		{47FDB9BB-90D0-4E99-BC88-4B57CA0CA5AE}.Debug|Any CPU.ActiveCfg = Debug|Any CPU
		{47FDB9BB-90D0-4E99-BC88-4B57CA0CA5AE}.Debug|Any CPU.Build.0 = Debug|Any CPU
		{47FDB9BB-90D0-4E99-BC88-4B57CA0CA5AE}.Release|Any CPU.ActiveCfg = Release|Any CPU
		{47FDB9BB-90D0-4E99-BC88-4B57CA0CA5AE}.Release|Any CPU.Build.0 = Release|Any CPU
	EndGlobalSection
	GlobalSection(SolutionProperties) = preSolution
		HideSolutionNode = FALSE
	EndGlobalSection
	GlobalSection(ExtensibilityGlobals) = postSolution
		SolutionGuid = {95DE9E38-3B53-442E-A7F3-140314EE5117}
	EndGlobalSection
EndGlobal
