
Microsoft Visual Studio Solution File, Format Version 12.00
# Visual Studio Version 17
VisualStudioVersion = 17.2.32630.192
MinimumVisualStudioVersion = 10.0.40219.1
Project("{FAE04EC0-301F-11D3-BF4B-00C04F79EFBC}") = "DataType", "DataType\DataType.csproj", "{0296E2C0-A868-4A13-8557-1ACDF031B3AA}"
EndProject
Project("{FAE04EC0-301F-11D3-BF4B-00C04F79EFBC}") = "ParsingAndDataEntry", "ParsingAndDataEntry\ParsingAndDataEntry.csproj", "{7663CFC4-3F36-4AA9-B0B1-B3F704310A91}"
EndProject
Project("{FAE04EC0-301F-11D3-BF4B-00C04F79EFBC}") = "Branching", "Branching\Branching.csproj", "{021865B2-5902-4BCA-94D1-BB003051D725}"
EndProject
Global
	GlobalSection(SolutionConfigurationPlatforms) = preSolution
		Debug|Any CPU = Debug|Any CPU
		Release|Any CPU = Release|Any CPU
	EndGlobalSection
	GlobalSection(ProjectConfigurationPlatforms) = postSolution
		{0296E2C0-A868-4A13-8557-1ACDF031B3AA}.Debug|Any CPU.ActiveCfg = Debug|Any CPU
		{0296E2C0-A868-4A13-8557-1ACDF031B3AA}.Debug|Any CPU.Build.0 = Debug|Any CPU
		{0296E2C0-A868-4A13-8557-1ACDF031B3AA}.Release|Any CPU.ActiveCfg = Release|Any CPU
		{0296E2C0-A868-4A13-8557-1ACDF031B3AA}.Release|Any CPU.Build.0 = Release|Any CPU
		{7663CFC4-3F36-4AA9-B0B1-B3F704310A91}.Debug|Any CPU.ActiveCfg = Debug|Any CPU
		{7663CFC4-3F36-4AA9-B0B1-B3F704310A91}.Debug|Any CPU.Build.0 = Debug|Any CPU
		{7663CFC4-3F36-4AA9-B0B1-B3F704310A91}.Release|Any CPU.ActiveCfg = Release|Any CPU
		{7663CFC4-3F36-4AA9-B0B1-B3F704310A91}.Release|Any CPU.Build.0 = Release|Any CPU
		{021865B2-5902-4BCA-94D1-BB003051D725}.Debug|Any CPU.ActiveCfg = Debug|Any CPU
		{021865B2-5902-4BCA-94D1-BB003051D725}.Debug|Any CPU.Build.0 = Debug|Any CPU
		{021865B2-5902-4BCA-94D1-BB003051D725}.Release|Any CPU.ActiveCfg = Release|Any CPU
		{021865B2-5902-4BCA-94D1-BB003051D725}.Release|Any CPU.Build.0 = Release|Any CPU
	EndGlobalSection
	GlobalSection(SolutionProperties) = preSolution
		HideSolutionNode = FALSE
	EndGlobalSection
	GlobalSection(ExtensibilityGlobals) = postSolution
		SolutionGuid = {228383EC-6EEA-4250-9D0F-56B0152B2D8A}
	EndGlobalSection
EndGlobal
