
Microsoft Visual Studio Solution File, Format Version 12.00
# Visual Studio Version 17
VisualStudioVersion = 17.5.33414.496
MinimumVisualStudioVersion = 10.0.40219.1
Project("{FAE04EC0-301F-11D3-BF4B-00C04F79EFBC}") = "Classes", "Classes\Classes.csproj", "{6F432152-F6BB-46EE-99BA-3A45A059367C}"
EndProject
Project("{FAE04EC0-301F-11D3-BF4B-00C04F79EFBC}") = "Exercise", "Exercise\Exercise.csproj", "{1C422280-19FC-427D-AA12-2248B450B84F}"
EndProject
Global
	GlobalSection(SolutionConfigurationPlatforms) = preSolution
		Debug|Any CPU = Debug|Any CPU
		Release|Any CPU = Release|Any CPU
	EndGlobalSection
	GlobalSection(ProjectConfigurationPlatforms) = postSolution
		{6F432152-F6BB-46EE-99BA-3A45A059367C}.Debug|Any CPU.ActiveCfg = Debug|Any CPU
		{6F432152-F6BB-46EE-99BA-3A45A059367C}.Debug|Any CPU.Build.0 = Debug|Any CPU
		{6F432152-F6BB-46EE-99BA-3A45A059367C}.Release|Any CPU.ActiveCfg = Release|Any CPU
		{6F432152-F6BB-46EE-99BA-3A45A059367C}.Release|Any CPU.Build.0 = Release|Any CPU
		{1C422280-19FC-427D-AA12-2248B450B84F}.Debug|Any CPU.ActiveCfg = Debug|Any CPU
		{1C422280-19FC-427D-AA12-2248B450B84F}.Debug|Any CPU.Build.0 = Debug|Any CPU
		{1C422280-19FC-427D-AA12-2248B450B84F}.Release|Any CPU.ActiveCfg = Release|Any CPU
		{1C422280-19FC-427D-AA12-2248B450B84F}.Release|Any CPU.Build.0 = Release|Any CPU
	EndGlobalSection
	GlobalSection(SolutionProperties) = preSolution
		HideSolutionNode = FALSE
	EndGlobalSection
	GlobalSection(ExtensibilityGlobals) = postSolution
		SolutionGuid = {3B33A8A8-25B4-465A-AF31-E2F029AF947D}
	EndGlobalSection
EndGlobal
